
Microsoft Visual Studio Solution File, Format Version 12.00
# Visual Studio Version 17
VisualStudioVersion = 17.3.32825.248
MinimumVisualStudioVersion = 10.0.40219.1
Project("{8BC9CEB8-8B4A-11D0-8D11-00A0C91BC942}") = "Sandbox", "Sandbox\Sandbox.vcxproj", "{7E04E90F-38EF-467D-BA25-60316C330E83}"
EndProject
Project("{8BC9CEB8-8B4A-11D0-8D11-00A0C91BC942}") = "Hazel", "Hazel\Hazel.vcxproj", "{DC855FE4-361C-47E8-A944-261D41F2D1B6}"
EndProject
Global
	GlobalSection(SolutionConfigurationPlatforms) = preSolution
		Debug|x64 = Debug|x64
		Release|x64 = Release|x64
	EndGlobalSection
	GlobalSection(ProjectConfigurationPlatforms) = postSolution
		{DC855FE4-361C-47E8-A944-261D41F2D1B6}.Debug|x64.ActiveCfg = Debug|x64
		{DC855FE4-361C-47E8-A944-261D41F2D1B6}.Debug|x64.Build.0 = Debug|x64
		{DC855FE4-361C-47E8-A944-261D41F2D1B6}.Release|x64.ActiveCfg = Release|x64
		{DC855FE4-361C-47E8-A944-261D41F2D1B6}.Release|x64.Build.0 = Release|x64
		{7E04E90F-38EF-467D-BA25-60316C330E83}.Debug|x64.ActiveCfg = Debug|x64
		{7E04E90F-38EF-467D-BA25-60316C330E83}.Debug|x64.Build.0 = Debug|x64
		{7E04E90F-38EF-467D-BA25-60316C330E83}.Release|x64.ActiveCfg = Release|x64
		{7E04E90F-38EF-467D-BA25-60316C330E83}.Release|x64.Build.0 = Release|x64
	EndGlobalSection
	GlobalSection(SolutionProperties) = preSolution
		HideSolutionNode = FALSE
	EndGlobalSection
	GlobalSection(ExtensibilityGlobals) = postSolution
		SolutionGuid = {F7EEE982-8133-4A33-9E4B-D88806446106}
	EndGlobalSection
EndGlobal
